// !$*UTF8*$!
{
	archiveVersion = 1;
	classes = {
	};
	objectVersion = 55;
	objects = {

/* Begin PBXBuildFile section */
		04AB52CA6F4900C3A331299A /* libPods-DemoApplication.a in Frameworks */ = {isa = PBXBuildFile; fileRef = 24F2721489AA3E55DD1FD9FD /* libPods-DemoApplication.a */; };
		EAAA0228F0E70BE574216A8D /* Pods_StackCards.framework in Frameworks */ = {isa = PBXBuildFile; fileRef = 6241A42E7DF4C0F503A8C143 /* Pods_StackCards.framework */; };
		EF83230827AFA21400F64F9E /* StackCards.h in Headers */ = {isa = PBXBuildFile; fileRef = EF83230727AFA21400F64F9E /* StackCards.h */; settings = {ATTRIBUTES = (Public, ); }; };
		EF83230F27AFA25300F64F9E /* StackCard.swift in Sources */ = {isa = PBXBuildFile; fileRef = EF83230E27AFA25300F64F9E /* StackCard.swift */; };
		EF83231127AFA26A00F64F9E /* StackCardsManager.swift in Sources */ = {isa = PBXBuildFile; fileRef = EF83231027AFA26A00F64F9E /* StackCardsManager.swift */; };
		EF83231327AFA28A00F64F9E /* StackCardLayout.swift in Sources */ = {isa = PBXBuildFile; fileRef = EF83231227AFA28A00F64F9E /* StackCardLayout.swift */; };
		EF83231B27AFF79500F64F9E /* AppDelegate.swift in Sources */ = {isa = PBXBuildFile; fileRef = EF83231A27AFF79500F64F9E /* AppDelegate.swift */; };
		EF83231D27AFF79500F64F9E /* SceneDelegate.swift in Sources */ = {isa = PBXBuildFile; fileRef = EF83231C27AFF79500F64F9E /* SceneDelegate.swift */; };
		EF83231F27AFF79500F64F9E /* DemoController.swift in Sources */ = {isa = PBXBuildFile; fileRef = EF83231E27AFF79500F64F9E /* DemoController.swift */; };
		EF83232227AFF79500F64F9E /* Main.storyboard in Resources */ = {isa = PBXBuildFile; fileRef = EF83232027AFF79500F64F9E /* Main.storyboard */; };
		EF83232427AFF79600F64F9E /* Assets.xcassets in Resources */ = {isa = PBXBuildFile; fileRef = EF83232327AFF79600F64F9E /* Assets.xcassets */; };
		EF83232727AFF79600F64F9E /* LaunchScreen.storyboard in Resources */ = {isa = PBXBuildFile; fileRef = EF83232527AFF79600F64F9E /* LaunchScreen.storyboard */; };
		EF83233327AFFA3100F64F9E /* CardCell.swift in Sources */ = {isa = PBXBuildFile; fileRef = EF83233227AFFA3100F64F9E /* CardCell.swift */; };
/* End PBXBuildFile section */

/* Begin PBXFileReference section */
		24F2721489AA3E55DD1FD9FD /* libPods-DemoApplication.a */ = {isa = PBXFileReference; explicitFileType = archive.ar; includeInIndex = 0; path = "libPods-DemoApplication.a"; sourceTree = BUILT_PRODUCTS_DIR; };
		53B1221169B27B1EE551ABB2 /* Pods-DemoApplication.debug.xcconfig */ = {isa = PBXFileReference; includeInIndex = 1; lastKnownFileType = text.xcconfig; name = "Pods-DemoApplication.debug.xcconfig"; path = "Target Support Files/Pods-DemoApplication/Pods-DemoApplication.debug.xcconfig"; sourceTree = "<group>"; };
		6241A42E7DF4C0F503A8C143 /* Pods_StackCards.framework */ = {isa = PBXFileReference; explicitFileType = wrapper.framework; includeInIndex = 0; path = Pods_StackCards.framework; sourceTree = BUILT_PRODUCTS_DIR; };
		68967F8EC1C040A0CBBA9AFE /* Pods-StackCards.debug.xcconfig */ = {isa = PBXFileReference; includeInIndex = 1; lastKnownFileType = text.xcconfig; name = "Pods-StackCards.debug.xcconfig"; path = "Target Support Files/Pods-StackCards/Pods-StackCards.debug.xcconfig"; sourceTree = "<group>"; };
		DFF840D52BFA3A661315F300 /* Pods-DemoApplication.release.xcconfig */ = {isa = PBXFileReference; includeInIndex = 1; lastKnownFileType = text.xcconfig; name = "Pods-DemoApplication.release.xcconfig"; path = "Target Support Files/Pods-DemoApplication/Pods-DemoApplication.release.xcconfig"; sourceTree = "<group>"; };
		EF83230427AFA21400F64F9E /* StackCards.framework */ = {isa = PBXFileReference; explicitFileType = wrapper.framework; includeInIndex = 0; path = StackCards.framework; sourceTree = BUILT_PRODUCTS_DIR; };
		EF83230727AFA21400F64F9E /* StackCards.h */ = {isa = PBXFileReference; lastKnownFileType = sourcecode.c.h; path = StackCards.h; sourceTree = "<group>"; };
		EF83230E27AFA25300F64F9E /* StackCard.swift */ = {isa = PBXFileReference; lastKnownFileType = sourcecode.swift; path = StackCard.swift; sourceTree = "<group>"; };
		EF83231027AFA26A00F64F9E /* StackCardsManager.swift */ = {isa = PBXFileReference; lastKnownFileType = sourcecode.swift; path = StackCardsManager.swift; sourceTree = "<group>"; };
		EF83231227AFA28A00F64F9E /* StackCardLayout.swift */ = {isa = PBXFileReference; lastKnownFileType = sourcecode.swift; path = StackCardLayout.swift; sourceTree = "<group>"; };
		EF83231827AFF79500F64F9E /* DemoApplication.app */ = {isa = PBXFileReference; explicitFileType = wrapper.application; includeInIndex = 0; path = DemoApplication.app; sourceTree = BUILT_PRODUCTS_DIR; };
		EF83231A27AFF79500F64F9E /* AppDelegate.swift */ = {isa = PBXFileReference; lastKnownFileType = sourcecode.swift; path = AppDelegate.swift; sourceTree = "<group>"; };
		EF83231C27AFF79500F64F9E /* SceneDelegate.swift */ = {isa = PBXFileReference; lastKnownFileType = sourcecode.swift; path = SceneDelegate.swift; sourceTree = "<group>"; };
		EF83231E27AFF79500F64F9E /* DemoController.swift */ = {isa = PBXFileReference; lastKnownFileType = sourcecode.swift; path = DemoController.swift; sourceTree = "<group>"; };
		EF83232127AFF79500F64F9E /* Base */ = {isa = PBXFileReference; lastKnownFileType = file.storyboard; name = Base; path = Base.lproj/Main.storyboard; sourceTree = "<group>"; };
		EF83232327AFF79600F64F9E /* Assets.xcassets */ = {isa = PBXFileReference; lastKnownFileType = folder.assetcatalog; path = Assets.xcassets; sourceTree = "<group>"; };
		EF83232627AFF79600F64F9E /* Base */ = {isa = PBXFileReference; lastKnownFileType = file.storyboard; name = Base; path = Base.lproj/LaunchScreen.storyboard; sourceTree = "<group>"; };
		EF83232827AFF79600F64F9E /* Info.plist */ = {isa = PBXFileReference; lastKnownFileType = text.plist.xml; path = Info.plist; sourceTree = "<group>"; };
		EF83233227AFFA3100F64F9E /* CardCell.swift */ = {isa = PBXFileReference; lastKnownFileType = sourcecode.swift; path = CardCell.swift; sourceTree = "<group>"; };
		F6DD8EEDA3A833D6A9A068C9 /* Pods-StackCards.release.xcconfig */ = {isa = PBXFileReference; includeInIndex = 1; lastKnownFileType = text.xcconfig; name = "Pods-StackCards.release.xcconfig"; path = "Target Support Files/Pods-StackCards/Pods-StackCards.release.xcconfig"; sourceTree = "<group>"; };
/* End PBXFileReference section */

/* Begin PBXFrameworksBuildPhase section */
		EF83230127AFA21400F64F9E /* Frameworks */ = {
			isa = PBXFrameworksBuildPhase;
			buildActionMask = 2147483647;
			files = (
				EAAA0228F0E70BE574216A8D /* Pods_StackCards.framework in Frameworks */,
			);
			runOnlyForDeploymentPostprocessing = 0;
		};
		EF83231527AFF79500F64F9E /* Frameworks */ = {
			isa = PBXFrameworksBuildPhase;
			buildActionMask = 2147483647;
			files = (
				04AB52CA6F4900C3A331299A /* libPods-DemoApplication.a in Frameworks */,
			);
			runOnlyForDeploymentPostprocessing = 0;
		};
/* End PBXFrameworksBuildPhase section */

/* Begin PBXGroup section */
		32DE052C9AB35BD519A0B997 /* Frameworks */ = {
			isa = PBXGroup;
			children = (
				24F2721489AA3E55DD1FD9FD /* libPods-DemoApplication.a */,
				6241A42E7DF4C0F503A8C143 /* Pods_StackCards.framework */,
			);
			name = Frameworks;
			sourceTree = "<group>";
		};
		843F823890BCABEA07364BC9 /* Pods */ = {
			isa = PBXGroup;
			children = (
				53B1221169B27B1EE551ABB2 /* Pods-DemoApplication.debug.xcconfig */,
				DFF840D52BFA3A661315F300 /* Pods-DemoApplication.release.xcconfig */,
				68967F8EC1C040A0CBBA9AFE /* Pods-StackCards.debug.xcconfig */,
				F6DD8EEDA3A833D6A9A068C9 /* Pods-StackCards.release.xcconfig */,
			);
			name = Pods;
			path = Pods;
			sourceTree = "<group>";
		};
		EF8322FA27AFA21400F64F9E = {
			isa = PBXGroup;
			children = (
				EF83230627AFA21400F64F9E /* StackCards */,
				EF83231927AFF79500F64F9E /* DemoApplication */,
				EF83230527AFA21400F64F9E /* Products */,
				843F823890BCABEA07364BC9 /* Pods */,
				32DE052C9AB35BD519A0B997 /* Frameworks */,
			);
			sourceTree = "<group>";
		};
		EF83230527AFA21400F64F9E /* Products */ = {
			isa = PBXGroup;
			children = (
				EF83230427AFA21400F64F9E /* StackCards.framework */,
				EF83231827AFF79500F64F9E /* DemoApplication.app */,
			);
			name = Products;
			sourceTree = "<group>";
		};
		EF83230627AFA21400F64F9E /* StackCards */ = {
			isa = PBXGroup;
			children = (
				EF83230727AFA21400F64F9E /* StackCards.h */,
				EF83230E27AFA25300F64F9E /* StackCard.swift */,
				EF83231027AFA26A00F64F9E /* StackCardsManager.swift */,
				EF83231227AFA28A00F64F9E /* StackCardLayout.swift */,
			);
			path = StackCards;
			sourceTree = "<group>";
		};
		EF83231927AFF79500F64F9E /* DemoApplication */ = {
			isa = PBXGroup;
			children = (
				EF83233627B1232300F64F9E /* views */,
				EF83233527B122EF00F64F9E /* Supporting files */,
				EF83233727B1234900F64F9E /* Controllers */,
				EF83232827AFF79600F64F9E /* Info.plist */,
			);
			path = DemoApplication;
			sourceTree = "<group>";
		};
		EF83233527B122EF00F64F9E /* Supporting files */ = {
			isa = PBXGroup;
			children = (
				EF83231A27AFF79500F64F9E /* AppDelegate.swift */,
				EF83231C27AFF79500F64F9E /* SceneDelegate.swift */,
				EF83232327AFF79600F64F9E /* Assets.xcassets */,
			);
			path = "Supporting files";
			sourceTree = "<group>";
		};
		EF83233627B1232300F64F9E /* views */ = {
			isa = PBXGroup;
			children = (
				EF83233227AFFA3100F64F9E /* CardCell.swift */,
				EF83232027AFF79500F64F9E /* Main.storyboard */,
				EF83232527AFF79600F64F9E /* LaunchScreen.storyboard */,
			);
			path = views;
			sourceTree = "<group>";
		};
		EF83233727B1234900F64F9E /* Controllers */ = {
			isa = PBXGroup;
			children = (
				EF83231E27AFF79500F64F9E /* DemoController.swift */,
			);
			path = Controllers;
			sourceTree = "<group>";
		};
/* End PBXGroup section */

/* Begin PBXHeadersBuildPhase section */
		EF8322FF27AFA21400F64F9E /* Headers */ = {
			isa = PBXHeadersBuildPhase;
			buildActionMask = 2147483647;
			files = (
				EF83230827AFA21400F64F9E /* StackCards.h in Headers */,
			);
			runOnlyForDeploymentPostprocessing = 0;
		};
/* End PBXHeadersBuildPhase section */

/* Begin PBXNativeTarget section */
		EF83230327AFA21400F64F9E /* StackCards */ = {
			isa = PBXNativeTarget;
			buildConfigurationList = EF83230B27AFA21400F64F9E /* Build configuration list for PBXNativeTarget "StackCards" */;
			buildPhases = (
				D86661D54C524F89C028BAEF /* [CP] Check Pods Manifest.lock */,
				EF8322FF27AFA21400F64F9E /* Headers */,
				EF83230027AFA21400F64F9E /* Sources */,
				EF83230127AFA21400F64F9E /* Frameworks */,
				EF83230227AFA21400F64F9E /* Resources */,
			);
			buildRules = (
			);
			dependencies = (
			);
			name = StackCards;
			productName = StackCards;
			productReference = EF83230427AFA21400F64F9E /* StackCards.framework */;
			productType = "com.apple.product-type.framework";
		};
		EF83231727AFF79500F64F9E /* DemoApplication */ = {
			isa = PBXNativeTarget;
			buildConfigurationList = EF83232927AFF79600F64F9E /* Build configuration list for PBXNativeTarget "DemoApplication" */;
			buildPhases = (
				60943C343A7860E75B7C7D76 /* [CP] Check Pods Manifest.lock */,
				EF83231427AFF79500F64F9E /* Sources */,
				EF83231527AFF79500F64F9E /* Frameworks */,
				EF83231627AFF79500F64F9E /* Resources */,
			);
			buildRules = (
			);
			dependencies = (
			);
			name = DemoApplication;
			productName = DemoApplication;
			productReference = EF83231827AFF79500F64F9E /* DemoApplication.app */;
			productType = "com.apple.product-type.application";
		};
/* End PBXNativeTarget section */

/* Begin PBXProject section */
		EF8322FB27AFA21400F64F9E /* Project object */ = {
			isa = PBXProject;
			attributes = {
				BuildIndependentTargetsInParallel = 1;
				LastSwiftUpdateCheck = 1300;
				LastUpgradeCheck = 1300;
				TargetAttributes = {
					EF83230327AFA21400F64F9E = {
						CreatedOnToolsVersion = 13.0;
						LastSwiftMigration = 1300;
					};
					EF83231727AFF79500F64F9E = {
						CreatedOnToolsVersion = 13.0;
					};
				};
			};
			buildConfigurationList = EF8322FE27AFA21400F64F9E /* Build configuration list for PBXProject "StackCards" */;
			compatibilityVersion = "Xcode 13.0";
			developmentRegion = en;
			hasScannedForEncodings = 0;
			knownRegions = (
				en,
				Base,
			);
			mainGroup = EF8322FA27AFA21400F64F9E;
			productRefGroup = EF83230527AFA21400F64F9E /* Products */;
			projectDirPath = "";
			projectRoot = "";
			targets = (
				EF83230327AFA21400F64F9E /* StackCards */,
				EF83231727AFF79500F64F9E /* DemoApplication */,
			);
		};
/* End PBXProject section */

/* Begin PBXResourcesBuildPhase section */
		EF83230227AFA21400F64F9E /* Resources */ = {
			isa = PBXResourcesBuildPhase;
			buildActionMask = 2147483647;
			files = (
			);
			runOnlyForDeploymentPostprocessing = 0;
		};
		EF83231627AFF79500F64F9E /* Resources */ = {
			isa = PBXResourcesBuildPhase;
			buildActionMask = 2147483647;
			files = (
				EF83232727AFF79600F64F9E /* LaunchScreen.storyboard in Resources */,
				EF83232427AFF79600F64F9E /* Assets.xcassets in Resources */,
				EF83232227AFF79500F64F9E /* Main.storyboard in Resources */,
			);
			runOnlyForDeploymentPostprocessing = 0;
		};
/* End PBXResourcesBuildPhase section */

/* Begin PBXShellScriptBuildPhase section */
		60943C343A7860E75B7C7D76 /* [CP] Check Pods Manifest.lock */ = {
			isa = PBXShellScriptBuildPhase;
			buildActionMask = 2147483647;
			files = (
			);
			inputFileListPaths = (
			);
			inputPaths = (
				"${PODS_PODFILE_DIR_PATH}/Podfile.lock",
				"${PODS_ROOT}/Manifest.lock",
			);
			name = "[CP] Check Pods Manifest.lock";
			outputFileListPaths = (
			);
			outputPaths = (
				"$(DERIVED_FILE_DIR)/Pods-DemoApplication-checkManifestLockResult.txt",
			);
			runOnlyForDeploymentPostprocessing = 0;
			shellPath = /bin/sh;
			shellScript = "diff \"${PODS_PODFILE_DIR_PATH}/Podfile.lock\" \"${PODS_ROOT}/Manifest.lock\" > /dev/null\nif [ $? != 0 ] ; then\n    # print error to STDERR\n    echo \"error: The sandbox is not in sync with the Podfile.lock. Run 'pod install' or update your CocoaPods installation.\" >&2\n    exit 1\nfi\n# This output is used by Xcode 'outputs' to avoid re-running this script phase.\necho \"SUCCESS\" > \"${SCRIPT_OUTPUT_FILE_0}\"\n";
			showEnvVarsInLog = 0;
		};
		D86661D54C524F89C028BAEF /* [CP] Check Pods Manifest.lock */ = {
			isa = PBXShellScriptBuildPhase;
			buildActionMask = 2147483647;
			files = (
			);
			inputFileListPaths = (
			);
			inputPaths = (
				"${PODS_PODFILE_DIR_PATH}/Podfile.lock",
				"${PODS_ROOT}/Manifest.lock",
			);
			name = "[CP] Check Pods Manifest.lock";
			outputFileListPaths = (
			);
			outputPaths = (
				"$(DERIVED_FILE_DIR)/Pods-StackCards-checkManifestLockResult.txt",
			);
			runOnlyForDeploymentPostprocessing = 0;
			shellPath = /bin/sh;
			shellScript = "diff \"${PODS_PODFILE_DIR_PATH}/Podfile.lock\" \"${PODS_ROOT}/Manifest.lock\" > /dev/null\nif [ $? != 0 ] ; then\n    # print error to STDERR\n    echo \"error: The sandbox is not in sync with the Podfile.lock. Run 'pod install' or update your CocoaPods installation.\" >&2\n    exit 1\nfi\n# This output is used by Xcode 'outputs' to avoid re-running this script phase.\necho \"SUCCESS\" > \"${SCRIPT_OUTPUT_FILE_0}\"\n";
			showEnvVarsInLog = 0;
		};
/* End PBXShellScriptBuildPhase section */

/* Begin PBXSourcesBuildPhase section */
		EF83230027AFA21400F64F9E /* Sources */ = {
			isa = PBXSourcesBuildPhase;
			buildActionMask = 2147483647;
			files = (
				EF83231127AFA26A00F64F9E /* StackCardsManager.swift in Sources */,
				EF83230F27AFA25300F64F9E /* StackCard.swift in Sources */,
				EF83231327AFA28A00F64F9E /* StackCardLayout.swift in Sources */,
			);
			runOnlyForDeploymentPostprocessing = 0;
		};
		EF83231427AFF79500F64F9E /* Sources */ = {
			isa = PBXSourcesBuildPhase;
			buildActionMask = 2147483647;
			files = (
				EF83231F27AFF79500F64F9E /* DemoController.swift in Sources */,
				EF83231B27AFF79500F64F9E /* AppDelegate.swift in Sources */,
				EF83233327AFFA3100F64F9E /* CardCell.swift in Sources */,
				EF83231D27AFF79500F64F9E /* SceneDelegate.swift in Sources */,
			);
			runOnlyForDeploymentPostprocessing = 0;
		};
/* End PBXSourcesBuildPhase section */

/* Begin PBXVariantGroup section */
		EF83232027AFF79500F64F9E /* Main.storyboard */ = {
			isa = PBXVariantGroup;
			children = (
				EF83232127AFF79500F64F9E /* Base */,
			);
			name = Main.storyboard;
			sourceTree = "<group>";
		};
		EF83232527AFF79600F64F9E /* LaunchScreen.storyboard */ = {
			isa = PBXVariantGroup;
			children = (
				EF83232627AFF79600F64F9E /* Base */,
			);
			name = LaunchScreen.storyboard;
			sourceTree = "<group>";
		};
/* End PBXVariantGroup section */

/* Begin XCBuildConfiguration section */
		EF83230927AFA21400F64F9E /* Debug */ = {
			isa = XCBuildConfiguration;
			buildSettings = {
				ALWAYS_SEARCH_USER_PATHS = NO;
				CLANG_ANALYZER_NONNULL = YES;
				CLANG_ANALYZER_NUMBER_OBJECT_CONVERSION = YES_AGGRESSIVE;
				CLANG_CXX_LANGUAGE_STANDARD = "gnu++17";
				CLANG_CXX_LIBRARY = "libc++";
				CLANG_ENABLE_MODULES = YES;
				CLANG_ENABLE_OBJC_ARC = YES;
				CLANG_ENABLE_OBJC_WEAK = YES;
				CLANG_WARN_BLOCK_CAPTURE_AUTORELEASING = YES;
				CLANG_WARN_BOOL_CONVERSION = YES;
				CLANG_WARN_COMMA = YES;
				CLANG_WARN_CONSTANT_CONVERSION = YES;
				CLANG_WARN_DEPRECATED_OBJC_IMPLEMENTATIONS = YES;
				CLANG_WARN_DIRECT_OBJC_ISA_USAGE = YES_ERROR;
				CLANG_WARN_DOCUMENTATION_COMMENTS = YES;
				CLANG_WARN_EMPTY_BODY = YES;
				CLANG_WARN_ENUM_CONVERSION = YES;
				CLANG_WARN_INFINITE_RECURSION = YES;
				CLANG_WARN_INT_CONVERSION = YES;
				CLANG_WARN_NON_LITERAL_NULL_CONVERSION = YES;
				CLANG_WARN_OBJC_IMPLICIT_RETAIN_SELF = YES;
				CLANG_WARN_OBJC_LITERAL_CONVERSION = YES;
				CLANG_WARN_OBJC_ROOT_CLASS = YES_ERROR;
				CLANG_WARN_QUOTED_INCLUDE_IN_FRAMEWORK_HEADER = YES;
				CLANG_WARN_RANGE_LOOP_ANALYSIS = YES;
				CLANG_WARN_STRICT_PROTOTYPES = YES;
				CLANG_WARN_SUSPICIOUS_MOVE = YES;
				CLANG_WARN_UNGUARDED_AVAILABILITY = YES_AGGRESSIVE;
				CLANG_WARN_UNREACHABLE_CODE = YES;
				CLANG_WARN__DUPLICATE_METHOD_MATCH = YES;
				COPY_PHASE_STRIP = NO;
				CURRENT_PROJECT_VERSION = 1;
				DEBUG_INFORMATION_FORMAT = dwarf;
				ENABLE_STRICT_OBJC_MSGSEND = YES;
				ENABLE_TESTABILITY = YES;
				GCC_C_LANGUAGE_STANDARD = gnu11;
				GCC_DYNAMIC_NO_PIC = NO;
				GCC_NO_COMMON_BLOCKS = YES;
				GCC_OPTIMIZATION_LEVEL = 0;
				GCC_PREPROCESSOR_DEFINITIONS = (
					"DEBUG=1",
					"$(inherited)",
				);
				GCC_WARN_64_TO_32_BIT_CONVERSION = YES;
				GCC_WARN_ABOUT_RETURN_TYPE = YES_ERROR;
				GCC_WARN_UNDECLARED_SELECTOR = YES;
				GCC_WARN_UNINITIALIZED_AUTOS = YES_AGGRESSIVE;
				GCC_WARN_UNUSED_FUNCTION = YES;
				GCC_WARN_UNUSED_VARIABLE = YES;
				IPHONEOS_DEPLOYMENT_TARGET = 15.0;
				MTL_ENABLE_DEBUG_INFO = INCLUDE_SOURCE;
				MTL_FAST_MATH = YES;
				ONLY_ACTIVE_ARCH = YES;
				SDKROOT = iphoneos;
				SWIFT_ACTIVE_COMPILATION_CONDITIONS = DEBUG;
				SWIFT_OPTIMIZATION_LEVEL = "-Onone";
				VERSIONING_SYSTEM = "apple-generic";
				VERSION_INFO_PREFIX = "";
			};
			name = Debug;
		};
		EF83230A27AFA21400F64F9E /* Release */ = {
			isa = XCBuildConfiguration;
			buildSettings = {
				ALWAYS_SEARCH_USER_PATHS = NO;
				CLANG_ANALYZER_NONNULL = YES;
				CLANG_ANALYZER_NUMBER_OBJECT_CONVERSION = YES_AGGRESSIVE;
				CLANG_CXX_LANGUAGE_STANDARD = "gnu++17";
				CLANG_CXX_LIBRARY = "libc++";
				CLANG_ENABLE_MODULES = YES;
				CLANG_ENABLE_OBJC_ARC = YES;
				CLANG_ENABLE_OBJC_WEAK = YES;
				CLANG_WARN_BLOCK_CAPTURE_AUTORELEASING = YES;
				CLANG_WARN_BOOL_CONVERSION = YES;
				CLANG_WARN_COMMA = YES;
				CLANG_WARN_CONSTANT_CONVERSION = YES;
				CLANG_WARN_DEPRECATED_OBJC_IMPLEMENTATIONS = YES;
				CLANG_WARN_DIRECT_OBJC_ISA_USAGE = YES_ERROR;
				CLANG_WARN_DOCUMENTATION_COMMENTS = YES;
				CLANG_WARN_EMPTY_BODY = YES;
				CLANG_WARN_ENUM_CONVERSION = YES;
				CLANG_WARN_INFINITE_RECURSION = YES;
				CLANG_WARN_INT_CONVERSION = YES;
				CLANG_WARN_NON_LITERAL_NULL_CONVERSION = YES;
				CLANG_WARN_OBJC_IMPLICIT_RETAIN_SELF = YES;
				CLANG_WARN_OBJC_LITERAL_CONVERSION = YES;
				CLANG_WARN_OBJC_ROOT_CLASS = YES_ERROR;
				CLANG_WARN_QUOTED_INCLUDE_IN_FRAMEWORK_HEADER = YES;
				CLANG_WARN_RANGE_LOOP_ANALYSIS = YES;
				CLANG_WARN_STRICT_PROTOTYPES = YES;
				CLANG_WARN_SUSPICIOUS_MOVE = YES;
				CLANG_WARN_UNGUARDED_AVAILABILITY = YES_AGGRESSIVE;
				CLANG_WARN_UNREACHABLE_CODE = YES;
				CLANG_WARN__DUPLICATE_METHOD_MATCH = YES;
				COPY_PHASE_STRIP = NO;
				CURRENT_PROJECT_VERSION = 1;
				DEBUG_INFORMATION_FORMAT = "dwarf-with-dsym";
				ENABLE_NS_ASSERTIONS = NO;
				ENABLE_STRICT_OBJC_MSGSEND = YES;
				GCC_C_LANGUAGE_STANDARD = gnu11;
				GCC_NO_COMMON_BLOCKS = YES;
				GCC_WARN_64_TO_32_BIT_CONVERSION = YES;
				GCC_WARN_ABOUT_RETURN_TYPE = YES_ERROR;
				GCC_WARN_UNDECLARED_SELECTOR = YES;
				GCC_WARN_UNINITIALIZED_AUTOS = YES_AGGRESSIVE;
				GCC_WARN_UNUSED_FUNCTION = YES;
				GCC_WARN_UNUSED_VARIABLE = YES;
				IPHONEOS_DEPLOYMENT_TARGET = 15.0;
				MTL_ENABLE_DEBUG_INFO = NO;
				MTL_FAST_MATH = YES;
				SDKROOT = iphoneos;
				SWIFT_COMPILATION_MODE = wholemodule;
				SWIFT_OPTIMIZATION_LEVEL = "-O";
				VALIDATE_PRODUCT = YES;
				VERSIONING_SYSTEM = "apple-generic";
				VERSION_INFO_PREFIX = "";
			};
			name = Release;
		};
		EF83230C27AFA21400F64F9E /* Debug */ = {
			isa = XCBuildConfiguration;
			baseConfigurationReference = 68967F8EC1C040A0CBBA9AFE /* Pods-StackCards.debug.xcconfig */;
			buildSettings = {
				CLANG_ENABLE_MODULES = YES;
				CODE_SIGN_STYLE = Automatic;
				CURRENT_PROJECT_VERSION = 1;
				DEFINES_MODULE = YES;
				DEVELOPMENT_TEAM = 8LXXZXJ6N8;
				DYLIB_COMPATIBILITY_VERSION = 1;
				DYLIB_CURRENT_VERSION = 1;
				DYLIB_INSTALL_NAME_BASE = "@rpath";
				GENERATE_INFOPLIST_FILE = YES;
				INFOPLIST_KEY_NSHumanReadableCopyright = "";
				INSTALL_PATH = "$(LOCAL_LIBRARY_DIR)/Frameworks";
				IPHONEOS_DEPLOYMENT_TARGET = 13.0;
				LD_RUNPATH_SEARCH_PATHS = (
					"$(inherited)",
					"@executable_path/Frameworks",
					"@loader_path/Frameworks",
				);
				MARKETING_VERSION = 1.0;
				PRODUCT_BUNDLE_IDENTIFIER = com.abhishekkumar.StackCards;
				PRODUCT_NAME = "$(TARGET_NAME:c99extidentifier)";
				SKIP_INSTALL = YES;
				SWIFT_EMIT_LOC_STRINGS = YES;
				SWIFT_OPTIMIZATION_LEVEL = "-Onone";
				SWIFT_VERSION = 5.0;
				TARGETED_DEVICE_FAMILY = "1,2";
			};
			name = Debug;
		};
		EF83230D27AFA21400F64F9E /* Release */ = {
			isa = XCBuildConfiguration;
			baseConfigurationReference = F6DD8EEDA3A833D6A9A068C9 /* Pods-StackCards.release.xcconfig */;
			buildSettings = {
				CLANG_ENABLE_MODULES = YES;
				CODE_SIGN_STYLE = Automatic;
				CURRENT_PROJECT_VERSION = 1;
				DEFINES_MODULE = YES;
				DEVELOPMENT_TEAM = 8LXXZXJ6N8;
				DYLIB_COMPATIBILITY_VERSION = 1;
				DYLIB_CURRENT_VERSION = 1;
				DYLIB_INSTALL_NAME_BASE = "@rpath";
				GENERATE_INFOPLIST_FILE = YES;
				INFOPLIST_KEY_NSHumanReadableCopyright = "";
				INSTALL_PATH = "$(LOCAL_LIBRARY_DIR)/Frameworks";
				IPHONEOS_DEPLOYMENT_TARGET = 13.0;
				LD_RUNPATH_SEARCH_PATHS = (
					"$(inherited)",
					"@executable_path/Frameworks",
					"@loader_path/Frameworks",
				);
				MARKETING_VERSION = 1.0;
				PRODUCT_BUNDLE_IDENTIFIER = com.abhishekkumar.StackCards;
				PRODUCT_NAME = "$(TARGET_NAME:c99extidentifier)";
				SKIP_INSTALL = YES;
				SWIFT_EMIT_LOC_STRINGS = YES;
				SWIFT_VERSION = 5.0;
				TARGETED_DEVICE_FAMILY = "1,2";
			};
			name = Release;
		};
		EF83232A27AFF79600F64F9E /* Debug */ = {
			isa = XCBuildConfiguration;
			baseConfigurationReference = 53B1221169B27B1EE551ABB2 /* Pods-DemoApplication.debug.xcconfig */;
			buildSettings = {
				ASSETCATALOG_COMPILER_APPICON_NAME = AppIcon;
				ASSETCATALOG_COMPILER_GLOBAL_ACCENT_COLOR_NAME = AccentColor;
				CODE_SIGN_STYLE = Automatic;
				CURRENT_PROJECT_VERSION = 1;
				DEVELOPMENT_TEAM = 8LXXZXJ6N8;
				GENERATE_INFOPLIST_FILE = YES;
				INFOPLIST_FILE = DemoApplication/Info.plist;
				INFOPLIST_KEY_UIApplicationSupportsIndirectInputEvents = YES;
				INFOPLIST_KEY_UILaunchStoryboardName = LaunchScreen;
				INFOPLIST_KEY_UIMainStoryboardFile = Main;
				INFOPLIST_KEY_UISupportedInterfaceOrientations_iPad = "UIInterfaceOrientationPortrait UIInterfaceOrientationPortraitUpsideDown UIInterfaceOrientationLandscapeLeft UIInterfaceOrientationLandscapeRight";
				INFOPLIST_KEY_UISupportedInterfaceOrientations_iPhone = "UIInterfaceOrientationPortrait UIInterfaceOrientationLandscapeLeft UIInterfaceOrientationLandscapeRight";
				LD_RUNPATH_SEARCH_PATHS = (
					"$(inherited)",
					"@executable_path/Frameworks",
				);
				MARKETING_VERSION = 1.0;
				PRODUCT_BUNDLE_IDENTIFIER = com.abhishekkumar.DemoApplication;
				PRODUCT_NAME = "$(TARGET_NAME)";
				SWIFT_EMIT_LOC_STRINGS = YES;
				SWIFT_VERSION = 5.0;
				TARGETED_DEVICE_FAMILY = "1,2";
			};
			name = Debug;
		};
		EF83232B27AFF79600F64F9E /* Release */ = {
			isa = XCBuildConfiguration;
			baseConfigurationReference = DFF840D52BFA3A661315F300 /* Pods-DemoApplication.release.xcconfig */;
			buildSettings = {
				ASSETCATALOG_COMPILER_APPICON_NAME = AppIcon;
				ASSETCATALOG_COMPILER_GLOBAL_ACCENT_COLOR_NAME = AccentColor;
				CODE_SIGN_STYLE = Automatic;
				CURRENT_PROJECT_VERSION = 1;
				DEVELOPMENT_TEAM = 8LXXZXJ6N8;
				GENERATE_INFOPLIST_FILE = YES;
				INFOPLIST_FILE = DemoApplication/Info.plist;
				INFOPLIST_KEY_UIApplicationSupportsIndirectInputEvents = YES;
				INFOPLIST_KEY_UILaunchStoryboardName = LaunchScreen;
				INFOPLIST_KEY_UIMainStoryboardFile = Main;
				INFOPLIST_KEY_UISupportedInterfaceOrientations_iPad = "UIInterfaceOrientationPortrait UIInterfaceOrientationPortraitUpsideDown UIInterfaceOrientationLandscapeLeft UIInterfaceOrientationLandscapeRight";
				INFOPLIST_KEY_UISupportedInterfaceOrientations_iPhone = "UIInterfaceOrientationPortrait UIInterfaceOrientationLandscapeLeft UIInterfaceOrientationLandscapeRight";
				LD_RUNPATH_SEARCH_PATHS = (
					"$(inherited)",
					"@executable_path/Frameworks",
				);
				MARKETING_VERSION = 1.0;
				PRODUCT_BUNDLE_IDENTIFIER = com.abhishekkumar.DemoApplication;
				PRODUCT_NAME = "$(TARGET_NAME)";
				SWIFT_EMIT_LOC_STRINGS = YES;
				SWIFT_VERSION = 5.0;
				TARGETED_DEVICE_FAMILY = "1,2";
			};
			name = Release;
		};
/* End XCBuildConfiguration section */

/* Begin XCConfigurationList section */
		EF8322FE27AFA21400F64F9E /* Build configuration list for PBXProject "StackCards" */ = {
			isa = XCConfigurationList;
			buildConfigurations = (
				EF83230927AFA21400F64F9E /* Debug */,
				EF83230A27AFA21400F64F9E /* Release */,
			);
			defaultConfigurationIsVisible = 0;
			defaultConfigurationName = Release;
		};
		EF83230B27AFA21400F64F9E /* Build configuration list for PBXNativeTarget "StackCards" */ = {
			isa = XCConfigurationList;
			buildConfigurations = (
				EF83230C27AFA21400F64F9E /* Debug */,
				EF83230D27AFA21400F64F9E /* Release */,
			);
			defaultConfigurationIsVisible = 0;
			defaultConfigurationName = Release;
		};
		EF83232927AFF79600F64F9E /* Build configuration list for PBXNativeTarget "DemoApplication" */ = {
			isa = XCConfigurationList;
			buildConfigurations = (
				EF83232A27AFF79600F64F9E /* Debug */,
				EF83232B27AFF79600F64F9E /* Release */,
			);
			defaultConfigurationIsVisible = 0;
			defaultConfigurationName = Release;
		};
/* End XCConfigurationList section */
	};
	rootObject = EF8322FB27AFA21400F64F9E /* Project object */;
}
